// !$*UTF8*$!
{
	archiveVersion = 1;
	classes = {
	};
	objectVersion = 56;
	objects = {

/* Begin PBXBuildFile section */
		5EFAE7092AB49E8500EE5495 /* AppDelegate.swift in Sources */ = {isa = PBXBuildFile; fileRef = 5EFAE7082AB49E8500EE5495 /* AppDelegate.swift */; };
		5EFAE70B2AB49E8500EE5495 /* SceneDelegate.swift in Sources */ = {isa = PBXBuildFile; fileRef = 5EFAE70A2AB49E8500EE5495 /* SceneDelegate.swift */; };
		5EFAE70D2AB49E8500EE5495 /* ViewController.swift in Sources */ = {isa = PBXBuildFile; fileRef = 5EFAE70C2AB49E8500EE5495 /* ViewController.swift */; };
		5EFAE7102AB49E8500EE5495 /* Main.storyboard in Resources */ = {isa = PBXBuildFile; fileRef = 5EFAE70E2AB49E8500EE5495 /* Main.storyboard */; };
		5EFAE7122AB49E8600EE5495 /* Assets.xcassets in Resources */ = {isa = PBXBuildFile; fileRef = 5EFAE7112AB49E8600EE5495 /* Assets.xcassets */; };
		5EFAE7152AB49E8600EE5495 /* LaunchScreen.storyboard in Resources */ = {isa = PBXBuildFile; fileRef = 5EFAE7132AB49E8600EE5495 /* LaunchScreen.storyboard */; };
		5EFAE71D2AB49F6C00EE5495 /* ServiceAPI.swift in Sources */ = {isa = PBXBuildFile; fileRef = 5EFAE71C2AB49F6C00EE5495 /* ServiceAPI.swift */; };
		5EFAE7262AB4B0AD00EE5495 /* BidsStorage.swift in Sources */ = {isa = PBXBuildFile; fileRef = 5EFAE7252AB4B0AD00EE5495 /* BidsStorage.swift */; };
		5EFAE7282AB4B26300EE5495 /* TicketStorage.swift in Sources */ = {isa = PBXBuildFile; fileRef = 5EFAE7272AB4B26300EE5495 /* TicketStorage.swift */; };
		5EFAE72B2AB4B84D00EE5495 /* Prices2.swift in Sources */ = {isa = PBXBuildFile; fileRef = 5EFAE72A2AB4B84D00EE5495 /* Prices2.swift */; };
		5EFAE72D2AB4C78C00EE5495 /* Prices.swift in Sources */ = {isa = PBXBuildFile; fileRef = 5EFAE72C2AB4C78C00EE5495 /* Prices.swift */; };
		840310C258D1EDFCFD1CC593 /* Pods_AppleCidr.framework in Frameworks */ = {isa = PBXBuildFile; fileRef = 581336929595E129307FA672 /* Pods_AppleCidr.framework */; };
		CDCA3E412AB4B64C0043ECCC /* ChipController.swift in Sources */ = {isa = PBXBuildFile; fileRef = CDCA3E402AB4B64C0043ECCC /* ChipController.swift */; };
/* End PBXBuildFile section */

/* Begin PBXFileReference section */
		2D5EDBD7F9177081D6DAD5EA /* Pods-AppleCidr.release.xcconfig */ = {isa = PBXFileReference; includeInIndex = 1; lastKnownFileType = text.xcconfig; name = "Pods-AppleCidr.release.xcconfig"; path = "Target Support Files/Pods-AppleCidr/Pods-AppleCidr.release.xcconfig"; sourceTree = "<group>"; };
		581336929595E129307FA672 /* Pods_AppleCidr.framework */ = {isa = PBXFileReference; explicitFileType = wrapper.framework; includeInIndex = 0; path = Pods_AppleCidr.framework; sourceTree = BUILT_PRODUCTS_DIR; };
		5EFAE7052AB49E8500EE5495 /* AppleCidr.app */ = {isa = PBXFileReference; explicitFileType = wrapper.application; includeInIndex = 0; path = AppleCidr.app; sourceTree = BUILT_PRODUCTS_DIR; };
		5EFAE7082AB49E8500EE5495 /* AppDelegate.swift */ = {isa = PBXFileReference; lastKnownFileType = sourcecode.swift; path = AppDelegate.swift; sourceTree = "<group>"; };
		5EFAE70A2AB49E8500EE5495 /* SceneDelegate.swift */ = {isa = PBXFileReference; lastKnownFileType = sourcecode.swift; path = SceneDelegate.swift; sourceTree = "<group>"; };
		5EFAE70C2AB49E8500EE5495 /* ViewController.swift */ = {isa = PBXFileReference; lastKnownFileType = sourcecode.swift; path = ViewController.swift; sourceTree = "<group>"; };
		5EFAE70F2AB49E8500EE5495 /* Base */ = {isa = PBXFileReference; lastKnownFileType = file.storyboard; name = Base; path = Base.lproj/Main.storyboard; sourceTree = "<group>"; };
		5EFAE7112AB49E8600EE5495 /* Assets.xcassets */ = {isa = PBXFileReference; lastKnownFileType = folder.assetcatalog; path = Assets.xcassets; sourceTree = "<group>"; };
		5EFAE7142AB49E8600EE5495 /* Base */ = {isa = PBXFileReference; lastKnownFileType = file.storyboard; name = Base; path = Base.lproj/LaunchScreen.storyboard; sourceTree = "<group>"; };
		5EFAE7162AB49E8600EE5495 /* Info.plist */ = {isa = PBXFileReference; lastKnownFileType = text.plist.xml; path = Info.plist; sourceTree = "<group>"; };
		5EFAE71C2AB49F6C00EE5495 /* ServiceAPI.swift */ = {isa = PBXFileReference; lastKnownFileType = sourcecode.swift; path = ServiceAPI.swift; sourceTree = "<group>"; };
		5EFAE7252AB4B0AD00EE5495 /* BidsStorage.swift */ = {isa = PBXFileReference; lastKnownFileType = sourcecode.swift; path = BidsStorage.swift; sourceTree = "<group>"; };
		5EFAE7272AB4B26300EE5495 /* TicketStorage.swift */ = {isa = PBXFileReference; lastKnownFileType = sourcecode.swift; path = TicketStorage.swift; sourceTree = "<group>"; };
		5EFAE72A2AB4B84D00EE5495 /* Prices2.swift */ = {isa = PBXFileReference; lastKnownFileType = sourcecode.swift; path = Prices2.swift; sourceTree = "<group>"; };
		5EFAE72C2AB4C78C00EE5495 /* Prices.swift */ = {isa = PBXFileReference; fileEncoding = 4; lastKnownFileType = sourcecode.swift; path = Prices.swift; sourceTree = "<group>"; };
		745E1DB5077FB0E1B7105702 /* Pods-AppleCidr.debug.xcconfig */ = {isa = PBXFileReference; includeInIndex = 1; lastKnownFileType = text.xcconfig; name = "Pods-AppleCidr.debug.xcconfig"; path = "Target Support Files/Pods-AppleCidr/Pods-AppleCidr.debug.xcconfig"; sourceTree = "<group>"; };
		CDCA3E402AB4B64C0043ECCC /* ChipController.swift */ = {isa = PBXFileReference; lastKnownFileType = sourcecode.swift; path = ChipController.swift; sourceTree = "<group>"; };
/* End PBXFileReference section */

/* Begin PBXFrameworksBuildPhase section */
		5EFAE7022AB49E8500EE5495 /* Frameworks */ = {
			isa = PBXFrameworksBuildPhase;
			buildActionMask = 2147483647;
			files = (
				840310C258D1EDFCFD1CC593 /* Pods_AppleCidr.framework in Frameworks */,
			);
			runOnlyForDeploymentPostprocessing = 0;
		};
/* End PBXFrameworksBuildPhase section */

/* Begin PBXGroup section */
		5EFAE6FC2AB49E8500EE5495 = {
			isa = PBXGroup;
			children = (
				5EFAE7072AB49E8500EE5495 /* AppleCidr */,
				5EFAE7062AB49E8500EE5495 /* Products */,
				F3C31E22E92D43868DC44CA3 /* Pods */,
				9046CE05704371CC83021812 /* Frameworks */,
			);
			sourceTree = "<group>";
		};
		5EFAE7062AB49E8500EE5495 /* Products */ = {
			isa = PBXGroup;
			children = (
				5EFAE7052AB49E8500EE5495 /* AppleCidr.app */,
			);
			name = Products;
			sourceTree = "<group>";
		};
		5EFAE7072AB49E8500EE5495 /* AppleCidr */ = {
			isa = PBXGroup;
			children = (
				5EFAE7292AB4B83E00EE5495 /* Prices */,
				5EFAE7082AB49E8500EE5495 /* AppDelegate.swift */,
				5EFAE70A2AB49E8500EE5495 /* SceneDelegate.swift */,
				5EFAE70C2AB49E8500EE5495 /* ViewController.swift */,
				5EFAE71E2AB49F6F00EE5495 /* API */,
				5EFAE7242AB4AFDD00EE5495 /* Storage */,
				5EFAE70E2AB49E8500EE5495 /* Main.storyboard */,
				5EFAE7112AB49E8600EE5495 /* Assets.xcassets */,
				5EFAE7132AB49E8600EE5495 /* LaunchScreen.storyboard */,
				5EFAE7162AB49E8600EE5495 /* Info.plist */,
				CDCA3E402AB4B64C0043ECCC /* ChipController.swift */,
			);
			path = AppleCidr;
			sourceTree = "<group>";
		};
		5EFAE71E2AB49F6F00EE5495 /* API */ = {
			isa = PBXGroup;
			children = (
				5EFAE71C2AB49F6C00EE5495 /* ServiceAPI.swift */,
			);
			path = API;
			sourceTree = "<group>";
		};
		5EFAE7242AB4AFDD00EE5495 /* Storage */ = {
			isa = PBXGroup;
			children = (
				5EFAE7252AB4B0AD00EE5495 /* BidsStorage.swift */,
				5EFAE7272AB4B26300EE5495 /* TicketStorage.swift */,
			);
			path = Storage;
			sourceTree = "<group>";
		};
		5EFAE7292AB4B83E00EE5495 /* Prices */ = {
			isa = PBXGroup;
			children = (
				5EFAE72C2AB4C78C00EE5495 /* Prices.swift */,
				5EFAE72A2AB4B84D00EE5495 /* Prices2.swift */,
			);
			path = Prices;
			sourceTree = "<group>";
		};
		9046CE05704371CC83021812 /* Frameworks */ = {
			isa = PBXGroup;
			children = (
				581336929595E129307FA672 /* Pods_AppleCidr.framework */,
			);
			name = Frameworks;
			sourceTree = "<group>";
		};
		F3C31E22E92D43868DC44CA3 /* Pods */ = {
			isa = PBXGroup;
			children = (
				745E1DB5077FB0E1B7105702 /* Pods-AppleCidr.debug.xcconfig */,
				2D5EDBD7F9177081D6DAD5EA /* Pods-AppleCidr.release.xcconfig */,
			);
			path = Pods;
			sourceTree = "<group>";
		};
/* End PBXGroup section */

/* Begin PBXNativeTarget section */
		5EFAE7042AB49E8500EE5495 /* AppleCidr */ = {
			isa = PBXNativeTarget;
			buildConfigurationList = 5EFAE7192AB49E8600EE5495 /* Build configuration list for PBXNativeTarget "AppleCidr" */;
			buildPhases = (
				5FD69A5723ED02F1449A2D55 /* [CP] Check Pods Manifest.lock */,
				5EFAE7012AB49E8500EE5495 /* Sources */,
				5EFAE7022AB49E8500EE5495 /* Frameworks */,
				5EFAE7032AB49E8500EE5495 /* Resources */,
				A6911D7EC35F1EDE8D3855DA /* [CP] Embed Pods Frameworks */,
			);
			buildRules = (
			);
			dependencies = (
			);
			name = AppleCidr;
			productName = AppleCidr;
			productReference = 5EFAE7052AB49E8500EE5495 /* AppleCidr.app */;
			productType = "com.apple.product-type.application";
		};
/* End PBXNativeTarget section */

/* Begin PBXProject section */
		5EFAE6FD2AB49E8500EE5495 /* Project object */ = {
			isa = PBXProject;
			attributes = {
				BuildIndependentTargetsInParallel = 1;
				LastSwiftUpdateCheck = 1430;
				LastUpgradeCheck = 1430;
				TargetAttributes = {
					5EFAE7042AB49E8500EE5495 = {
						CreatedOnToolsVersion = 14.3.1;
					};
				};
			};
			buildConfigurationList = 5EFAE7002AB49E8500EE5495 /* Build configuration list for PBXProject "AppleCidr" */;
			compatibilityVersion = "Xcode 14.0";
			developmentRegion = en;
			hasScannedForEncodings = 0;
			knownRegions = (
				en,
				Base,
			);
			mainGroup = 5EFAE6FC2AB49E8500EE5495;
			productRefGroup = 5EFAE7062AB49E8500EE5495 /* Products */;
			projectDirPath = "";
			projectRoot = "";
			targets = (
				5EFAE7042AB49E8500EE5495 /* AppleCidr */,
			);
		};
/* End PBXProject section */

/* Begin PBXResourcesBuildPhase section */
		5EFAE7032AB49E8500EE5495 /* Resources */ = {
			isa = PBXResourcesBuildPhase;
			buildActionMask = 2147483647;
			files = (
				5EFAE7152AB49E8600EE5495 /* LaunchScreen.storyboard in Resources */,
				5EFAE7122AB49E8600EE5495 /* Assets.xcassets in Resources */,
				5EFAE7102AB49E8500EE5495 /* Main.storyboard in Resources */,
			);
			runOnlyForDeploymentPostprocessing = 0;
		};
/* End PBXResourcesBuildPhase section */

/* Begin PBXShellScriptBuildPhase section */
		5FD69A5723ED02F1449A2D55 /* [CP] Check Pods Manifest.lock */ = {
			isa = PBXShellScriptBuildPhase;
			buildActionMask = 2147483647;
			files = (
			);
			inputFileListPaths = (
			);
			inputPaths = (
				"${PODS_PODFILE_DIR_PATH}/Podfile.lock",
				"${PODS_ROOT}/Manifest.lock",
			);
			name = "[CP] Check Pods Manifest.lock";
			outputFileListPaths = (
			);
			outputPaths = (
				"$(DERIVED_FILE_DIR)/Pods-AppleCidr-checkManifestLockResult.txt",
			);
			runOnlyForDeploymentPostprocessing = 0;
			shellPath = /bin/sh;
			shellScript = "diff \"${PODS_PODFILE_DIR_PATH}/Podfile.lock\" \"${PODS_ROOT}/Manifest.lock\" > /dev/null\nif [ $? != 0 ] ; then\n    # print error to STDERR\n    echo \"error: The sandbox is not in sync with the Podfile.lock. Run 'pod install' or update your CocoaPods installation.\" >&2\n    exit 1\nfi\n# This output is used by Xcode 'outputs' to avoid re-running this script phase.\necho \"SUCCESS\" > \"${SCRIPT_OUTPUT_FILE_0}\"\n";
			showEnvVarsInLog = 0;
		};
		A6911D7EC35F1EDE8D3855DA /* [CP] Embed Pods Frameworks */ = {
			isa = PBXShellScriptBuildPhase;
			buildActionMask = 2147483647;
			files = (
			);
			inputFileListPaths = (
				"${PODS_ROOT}/Target Support Files/Pods-AppleCidr/Pods-AppleCidr-frameworks-${CONFIGURATION}-input-files.xcfilelist",
			);
			name = "[CP] Embed Pods Frameworks";
			outputFileListPaths = (
				"${PODS_ROOT}/Target Support Files/Pods-AppleCidr/Pods-AppleCidr-frameworks-${CONFIGURATION}-output-files.xcfilelist",
			);
			runOnlyForDeploymentPostprocessing = 0;
			shellPath = /bin/sh;
			shellScript = "\"${PODS_ROOT}/Target Support Files/Pods-AppleCidr/Pods-AppleCidr-frameworks.sh\"\n";
			showEnvVarsInLog = 0;
		};
/* End PBXShellScriptBuildPhase section */

/* Begin PBXSourcesBuildPhase section */
		5EFAE7012AB49E8500EE5495 /* Sources */ = {
			isa = PBXSourcesBuildPhase;
			buildActionMask = 2147483647;
			files = (
				5EFAE70D2AB49E8500EE5495 /* ViewController.swift in Sources */,
				5EFAE7282AB4B26300EE5495 /* TicketStorage.swift in Sources */,
				5EFAE7092AB49E8500EE5495 /* AppDelegate.swift in Sources */,
				5EFAE71D2AB49F6C00EE5495 /* ServiceAPI.swift in Sources */,
				5EFAE7262AB4B0AD00EE5495 /* BidsStorage.swift in Sources */,
				5EFAE70B2AB49E8500EE5495 /* SceneDelegate.swift in Sources */,
				5EFAE72B2AB4B84D00EE5495 /* Prices2.swift in Sources */,
				5EFAE72D2AB4C78C00EE5495 /* Prices.swift in Sources */,
				5EFAE72B2AB4B84D00EE5495 /* Prices2.swift in Sources */,
				CDCA3E412AB4B64C0043ECCC /* ChipController.swift in Sources */,
			);
			runOnlyForDeploymentPostprocessing = 0;
		};
/* End PBXSourcesBuildPhase section */

/* Begin PBXVariantGroup section */
		5EFAE70E2AB49E8500EE5495 /* Main.storyboard */ = {
			isa = PBXVariantGroup;
			children = (
				5EFAE70F2AB49E8500EE5495 /* Base */,
			);
			name = Main.storyboard;
			sourceTree = "<group>";
		};
		5EFAE7132AB49E8600EE5495 /* LaunchScreen.storyboard */ = {
			isa = PBXVariantGroup;
			children = (
				5EFAE7142AB49E8600EE5495 /* Base */,
			);
			name = LaunchScreen.storyboard;
			sourceTree = "<group>";
		};
/* End PBXVariantGroup section */

/* Begin XCBuildConfiguration section */
		5EFAE7172AB49E8600EE5495 /* Debug */ = {
			isa = XCBuildConfiguration;
			buildSettings = {
				ALWAYS_SEARCH_USER_PATHS = NO;
				CLANG_ANALYZER_NONNULL = YES;
				CLANG_ANALYZER_NUMBER_OBJECT_CONVERSION = YES_AGGRESSIVE;
				CLANG_CXX_LANGUAGE_STANDARD = "gnu++20";
				CLANG_ENABLE_MODULES = YES;
				CLANG_ENABLE_OBJC_ARC = YES;
				CLANG_ENABLE_OBJC_WEAK = YES;
				CLANG_WARN_BLOCK_CAPTURE_AUTORELEASING = YES;
				CLANG_WARN_BOOL_CONVERSION = YES;
				CLANG_WARN_COMMA = YES;
				CLANG_WARN_CONSTANT_CONVERSION = YES;
				CLANG_WARN_DEPRECATED_OBJC_IMPLEMENTATIONS = YES;
				CLANG_WARN_DIRECT_OBJC_ISA_USAGE = YES_ERROR;
				CLANG_WARN_DOCUMENTATION_COMMENTS = YES;
				CLANG_WARN_EMPTY_BODY = YES;
				CLANG_WARN_ENUM_CONVERSION = YES;
				CLANG_WARN_INFINITE_RECURSION = YES;
				CLANG_WARN_INT_CONVERSION = YES;
				CLANG_WARN_NON_LITERAL_NULL_CONVERSION = YES;
				CLANG_WARN_OBJC_IMPLICIT_RETAIN_SELF = YES;
				CLANG_WARN_OBJC_LITERAL_CONVERSION = YES;
				CLANG_WARN_OBJC_ROOT_CLASS = YES_ERROR;
				CLANG_WARN_QUOTED_INCLUDE_IN_FRAMEWORK_HEADER = YES;
				CLANG_WARN_RANGE_LOOP_ANALYSIS = YES;
				CLANG_WARN_STRICT_PROTOTYPES = YES;
				CLANG_WARN_SUSPICIOUS_MOVE = YES;
				CLANG_WARN_UNGUARDED_AVAILABILITY = YES_AGGRESSIVE;
				CLANG_WARN_UNREACHABLE_CODE = YES;
				CLANG_WARN__DUPLICATE_METHOD_MATCH = YES;
				COPY_PHASE_STRIP = NO;
				DEBUG_INFORMATION_FORMAT = dwarf;
				ENABLE_STRICT_OBJC_MSGSEND = YES;
				ENABLE_TESTABILITY = YES;
				GCC_C_LANGUAGE_STANDARD = gnu11;
				GCC_DYNAMIC_NO_PIC = NO;
				GCC_NO_COMMON_BLOCKS = YES;
				GCC_OPTIMIZATION_LEVEL = 0;
				GCC_PREPROCESSOR_DEFINITIONS = (
					"DEBUG=1",
					"$(inherited)",
				);
				GCC_WARN_64_TO_32_BIT_CONVERSION = YES;
				GCC_WARN_ABOUT_RETURN_TYPE = YES_ERROR;
				GCC_WARN_UNDECLARED_SELECTOR = YES;
				GCC_WARN_UNINITIALIZED_AUTOS = YES_AGGRESSIVE;
				GCC_WARN_UNUSED_FUNCTION = YES;
				GCC_WARN_UNUSED_VARIABLE = YES;
				IPHONEOS_DEPLOYMENT_TARGET = 16.4;
				MTL_ENABLE_DEBUG_INFO = INCLUDE_SOURCE;
				MTL_FAST_MATH = YES;
				ONLY_ACTIVE_ARCH = YES;
				SDKROOT = iphoneos;
				SWIFT_ACTIVE_COMPILATION_CONDITIONS = DEBUG;
				SWIFT_OPTIMIZATION_LEVEL = "-Onone";
			};
			name = Debug;
		};
		5EFAE7182AB49E8600EE5495 /* Release */ = {
			isa = XCBuildConfiguration;
			buildSettings = {
				ALWAYS_SEARCH_USER_PATHS = NO;
				CLANG_ANALYZER_NONNULL = YES;
				CLANG_ANALYZER_NUMBER_OBJECT_CONVERSION = YES_AGGRESSIVE;
				CLANG_CXX_LANGUAGE_STANDARD = "gnu++20";
				CLANG_ENABLE_MODULES = YES;
				CLANG_ENABLE_OBJC_ARC = YES;
				CLANG_ENABLE_OBJC_WEAK = YES;
				CLANG_WARN_BLOCK_CAPTURE_AUTORELEASING = YES;
				CLANG_WARN_BOOL_CONVERSION = YES;
				CLANG_WARN_COMMA = YES;
				CLANG_WARN_CONSTANT_CONVERSION = YES;
				CLANG_WARN_DEPRECATED_OBJC_IMPLEMENTATIONS = YES;
				CLANG_WARN_DIRECT_OBJC_ISA_USAGE = YES_ERROR;
				CLANG_WARN_DOCUMENTATION_COMMENTS = YES;
				CLANG_WARN_EMPTY_BODY = YES;
				CLANG_WARN_ENUM_CONVERSION = YES;
				CLANG_WARN_INFINITE_RECURSION = YES;
				CLANG_WARN_INT_CONVERSION = YES;
				CLANG_WARN_NON_LITERAL_NULL_CONVERSION = YES;
				CLANG_WARN_OBJC_IMPLICIT_RETAIN_SELF = YES;
				CLANG_WARN_OBJC_LITERAL_CONVERSION = YES;
				CLANG_WARN_OBJC_ROOT_CLASS = YES_ERROR;
				CLANG_WARN_QUOTED_INCLUDE_IN_FRAMEWORK_HEADER = YES;
				CLANG_WARN_RANGE_LOOP_ANALYSIS = YES;
				CLANG_WARN_STRICT_PROTOTYPES = YES;
				CLANG_WARN_SUSPICIOUS_MOVE = YES;
				CLANG_WARN_UNGUARDED_AVAILABILITY = YES_AGGRESSIVE;
				CLANG_WARN_UNREACHABLE_CODE = YES;
				CLANG_WARN__DUPLICATE_METHOD_MATCH = YES;
				COPY_PHASE_STRIP = NO;
				DEBUG_INFORMATION_FORMAT = "dwarf-with-dsym";
				ENABLE_NS_ASSERTIONS = NO;
				ENABLE_STRICT_OBJC_MSGSEND = YES;
				GCC_C_LANGUAGE_STANDARD = gnu11;
				GCC_NO_COMMON_BLOCKS = YES;
				GCC_WARN_64_TO_32_BIT_CONVERSION = YES;
				GCC_WARN_ABOUT_RETURN_TYPE = YES_ERROR;
				GCC_WARN_UNDECLARED_SELECTOR = YES;
				GCC_WARN_UNINITIALIZED_AUTOS = YES_AGGRESSIVE;
				GCC_WARN_UNUSED_FUNCTION = YES;
				GCC_WARN_UNUSED_VARIABLE = YES;
				IPHONEOS_DEPLOYMENT_TARGET = 16.4;
				MTL_ENABLE_DEBUG_INFO = NO;
				MTL_FAST_MATH = YES;
				SDKROOT = iphoneos;
				SWIFT_COMPILATION_MODE = wholemodule;
				SWIFT_OPTIMIZATION_LEVEL = "-O";
				VALIDATE_PRODUCT = YES;
			};
			name = Release;
		};
		5EFAE71A2AB49E8600EE5495 /* Debug */ = {
			isa = XCBuildConfiguration;
			baseConfigurationReference = 745E1DB5077FB0E1B7105702 /* Pods-AppleCidr.debug.xcconfig */;
			buildSettings = {
				ASSETCATALOG_COMPILER_APPICON_NAME = AppIcon;
				ASSETCATALOG_COMPILER_GLOBAL_ACCENT_COLOR_NAME = AccentColor;
				CODE_SIGN_STYLE = Automatic;
				CURRENT_PROJECT_VERSION = 1;
				DEVELOPMENT_TEAM = 2728K4ZJ8H;
				GENERATE_INFOPLIST_FILE = YES;
				INFOPLIST_FILE = AppleCidr/Info.plist;
				INFOPLIST_KEY_UIApplicationSupportsIndirectInputEvents = YES;
				INFOPLIST_KEY_UILaunchStoryboardName = LaunchScreen;
				INFOPLIST_KEY_UIMainStoryboardFile = Main;
				INFOPLIST_KEY_UISupportedInterfaceOrientations_iPad = "UIInterfaceOrientationPortrait UIInterfaceOrientationPortraitUpsideDown UIInterfaceOrientationLandscapeLeft UIInterfaceOrientationLandscapeRight";
				INFOPLIST_KEY_UISupportedInterfaceOrientations_iPhone = "UIInterfaceOrientationPortrait UIInterfaceOrientationLandscapeLeft UIInterfaceOrientationLandscapeRight";
				LD_RUNPATH_SEARCH_PATHS = (
					"$(inherited)",
					"@executable_path/Frameworks",
				);
				MARKETING_VERSION = 1.0;
				PRODUCT_BUNDLE_IDENTIFIER = mwl.platform.AppleCidr;
				PRODUCT_NAME = "$(TARGET_NAME)";
				SWIFT_EMIT_LOC_STRINGS = YES;
				SWIFT_VERSION = 5.0;
				TARGETED_DEVICE_FAMILY = "1,2";
			};
			name = Debug;
		};
		5EFAE71B2AB49E8600EE5495 /* Release */ = {
			isa = XCBuildConfiguration;
			baseConfigurationReference = 2D5EDBD7F9177081D6DAD5EA /* Pods-AppleCidr.release.xcconfig */;
			buildSettings = {
				ASSETCATALOG_COMPILER_APPICON_NAME = AppIcon;
				ASSETCATALOG_COMPILER_GLOBAL_ACCENT_COLOR_NAME = AccentColor;
				CODE_SIGN_STYLE = Automatic;
				CURRENT_PROJECT_VERSION = 1;
				DEVELOPMENT_TEAM = 2728K4ZJ8H;
				GENERATE_INFOPLIST_FILE = YES;
				INFOPLIST_FILE = AppleCidr/Info.plist;
				INFOPLIST_KEY_UIApplicationSupportsIndirectInputEvents = YES;
				INFOPLIST_KEY_UILaunchStoryboardName = LaunchScreen;
				INFOPLIST_KEY_UIMainStoryboardFile = Main;
				INFOPLIST_KEY_UISupportedInterfaceOrientations_iPad = "UIInterfaceOrientationPortrait UIInterfaceOrientationPortraitUpsideDown UIInterfaceOrientationLandscapeLeft UIInterfaceOrientationLandscapeRight";
				INFOPLIST_KEY_UISupportedInterfaceOrientations_iPhone = "UIInterfaceOrientationPortrait UIInterfaceOrientationLandscapeLeft UIInterfaceOrientationLandscapeRight";
				LD_RUNPATH_SEARCH_PATHS = (
					"$(inherited)",
					"@executable_path/Frameworks",
				);
				MARKETING_VERSION = 1.0;
				PRODUCT_BUNDLE_IDENTIFIER = mwl.platform.AppleCidr;
				PRODUCT_NAME = "$(TARGET_NAME)";
				SWIFT_EMIT_LOC_STRINGS = YES;
				SWIFT_VERSION = 5.0;
				TARGETED_DEVICE_FAMILY = "1,2";
			};
			name = Release;
		};
/* End XCBuildConfiguration section */

/* Begin XCConfigurationList section */
		5EFAE7002AB49E8500EE5495 /* Build configuration list for PBXProject "AppleCidr" */ = {
			isa = XCConfigurationList;
			buildConfigurations = (
				5EFAE7172AB49E8600EE5495 /* Debug */,
				5EFAE7182AB49E8600EE5495 /* Release */,
			);
			defaultConfigurationIsVisible = 0;
			defaultConfigurationName = Release;
		};
		5EFAE7192AB49E8600EE5495 /* Build configuration list for PBXNativeTarget "AppleCidr" */ = {
			isa = XCConfigurationList;
			buildConfigurations = (
				5EFAE71A2AB49E8600EE5495 /* Debug */,
				5EFAE71B2AB49E8600EE5495 /* Release */,
			);
			defaultConfigurationIsVisible = 0;
			defaultConfigurationName = Release;
		};
/* End XCConfigurationList section */
	};
	rootObject = 5EFAE6FD2AB49E8500EE5495 /* Project object */;
}
